
Microsoft Visual Studio Solution File, Format Version 12.00
# Visual Studio Version 16
VisualStudioVersion = 16.0.29318.209
MinimumVisualStudioVersion = 10.0.40219.1
Project("{FAE04EC0-301F-11D3-BF4B-00C04F79EFBC}") = "Стоимость телефонного разговора", "Стоимость телефонного разговора.csproj", "{5007D4E9-A471-4B57-B0B3-5CB3FF96BBDE}"
EndProject
Global
	GlobalSection(SolutionConfigurationPlatforms) = preSolution
		Debug|Any CPU = Debug|Any CPU
		Release|Any CPU = Release|Any CPU
	EndGlobalSection
	GlobalSection(ProjectConfigurationPlatforms) = postSolution
		{5007D4E9-A471-4B57-B0B3-5CB3FF96BBDE}.Debug|Any CPU.ActiveCfg = Debug|Any CPU
		{5007D4E9-A471-4B57-B0B3-5CB3FF96BBDE}.Debug|Any CPU.Build.0 = Debug|Any CPU
		{5007D4E9-A471-4B57-B0B3-5CB3FF96BBDE}.Release|Any CPU.ActiveCfg = Release|Any CPU
		{5007D4E9-A471-4B57-B0B3-5CB3FF96BBDE}.Release|Any CPU.Build.0 = Release|Any CPU
	EndGlobalSection
	GlobalSection(SolutionProperties) = preSolution
		HideSolutionNode = FALSE
	EndGlobalSection
	GlobalSection(ExtensibilityGlobals) = postSolution
		SolutionGuid = {1427117F-9E1E-4FC9-BB38-E08DC51BF239}
	EndGlobalSection
EndGlobal
